
Microsoft Visual Studio Solution File, Format Version 12.00
# Visual Studio Version 17
VisualStudioVersion = 17.0.31903.59
MinimumVisualStudioVersion = 10.0.40219.1
Project("{FAE04EC0-301F-11D3-BF4B-00C04F79EFBC}") = "CentroEventos.Aplicacion", "CentroEventos.Aplicacion\CentroEventos.Aplicacion.csproj", "{594A401F-634A-49F6-A233-6A56A96CFB96}"
EndProject
Project("{FAE04EC0-301F-11D3-BF4B-00C04F79EFBC}") = "CentroEventos.Repositorios", "CentroEventos.Repositorios\CentroEventos.Repositorios.csproj", "{62C4868C-E449-43AD-A609-9511D9669740}"
EndProject
Project("{FAE04EC0-301F-11D3-BF4B-00C04F79EFBC}") = "CentroEventos.UI", "CentroEventos.UI\CentroEventos.UI.csproj", "{F5E9FFD3-D7C9-4CA8-AC88-8EFFC8FB28CA}"
EndProject
Global
	GlobalSection(SolutionConfigurationPlatforms) = preSolution
		Debug|Any CPU = Debug|Any CPU
		Release|Any CPU = Release|Any CPU
	EndGlobalSection
	GlobalSection(SolutionProperties) = preSolution
		HideSolutionNode = FALSE
	EndGlobalSection
	GlobalSection(ProjectConfigurationPlatforms) = postSolution
		{594A401F-634A-49F6-A233-6A56A96CFB96}.Debug|Any CPU.ActiveCfg = Debug|Any CPU
		{594A401F-634A-49F6-A233-6A56A96CFB96}.Debug|Any CPU.Build.0 = Debug|Any CPU
		{594A401F-634A-49F6-A233-6A56A96CFB96}.Release|Any CPU.ActiveCfg = Release|Any CPU
		{594A401F-634A-49F6-A233-6A56A96CFB96}.Release|Any CPU.Build.0 = Release|Any CPU
		{62C4868C-E449-43AD-A609-9511D9669740}.Debug|Any CPU.ActiveCfg = Debug|Any CPU
		{62C4868C-E449-43AD-A609-9511D9669740}.Debug|Any CPU.Build.0 = Debug|Any CPU
		{62C4868C-E449-43AD-A609-9511D9669740}.Release|Any CPU.ActiveCfg = Release|Any CPU
		{62C4868C-E449-43AD-A609-9511D9669740}.Release|Any CPU.Build.0 = Release|Any CPU
		{F5E9FFD3-D7C9-4CA8-AC88-8EFFC8FB28CA}.Debug|Any CPU.ActiveCfg = Debug|Any CPU
		{F5E9FFD3-D7C9-4CA8-AC88-8EFFC8FB28CA}.Debug|Any CPU.Build.0 = Debug|Any CPU
		{F5E9FFD3-D7C9-4CA8-AC88-8EFFC8FB28CA}.Release|Any CPU.ActiveCfg = Release|Any CPU
		{F5E9FFD3-D7C9-4CA8-AC88-8EFFC8FB28CA}.Release|Any CPU.Build.0 = Release|Any CPU
	EndGlobalSection
EndGlobal
